// !$*UTF8*$!
{
	archiveVersion = 1;
	classes = {
	};
	objectVersion = 50;
	objects = {

/* Begin PBXBuildFile section */
		901A814D226F96C300E1FA96 /* AppDelegate.swift in Sources */ = {isa = PBXBuildFile; fileRef = 901A814C226F96C300E1FA96 /* AppDelegate.swift */; };
		901A8155226F96C300E1FA96 /* PostViewer.xcdatamodeld in Sources */ = {isa = PBXBuildFile; fileRef = 901A8153226F96C300E1FA96 /* PostViewer.xcdatamodeld */; };
		901A8157226F96C300E1FA96 /* Assets.xcassets in Resources */ = {isa = PBXBuildFile; fileRef = 901A8156226F96C300E1FA96 /* Assets.xcassets */; };
		901A815A226F96C300E1FA96 /* LaunchScreen.storyboard in Resources */ = {isa = PBXBuildFile; fileRef = 901A8158226F96C300E1FA96 /* LaunchScreen.storyboard */; };
		901A8169226F980C00E1FA96 /* Post.swift in Sources */ = {isa = PBXBuildFile; fileRef = 901A8168226F980C00E1FA96 /* Post.swift */; };
		901A816B226F983600E1FA96 /* PostCell.swift in Sources */ = {isa = PBXBuildFile; fileRef = 901A816A226F983600E1FA96 /* PostCell.swift */; };
		901A816D226F985000E1FA96 /* PostsViewController.swift in Sources */ = {isa = PBXBuildFile; fileRef = 901A816C226F985000E1FA96 /* PostsViewController.swift */; };
		901A816F226F987200E1FA96 /* EmptyDataView.swift in Sources */ = {isa = PBXBuildFile; fileRef = 901A816E226F987200E1FA96 /* EmptyDataView.swift */; };
		901A8171226F988F00E1FA96 /* PostsViewModel.swift in Sources */ = {isa = PBXBuildFile; fileRef = 901A8170226F988F00E1FA96 /* PostsViewModel.swift */; };
		901A8174226F98E600E1FA96 /* Data+Extension.swift in Sources */ = {isa = PBXBuildFile; fileRef = 901A8173226F98E600E1FA96 /* Data+Extension.swift */; };
		901A8177226F990A00E1FA96 /* HttpClient.swift in Sources */ = {isa = PBXBuildFile; fileRef = 901A8176226F990A00E1FA96 /* HttpClient.swift */; };
		901A8179226F992600E1FA96 /* JSONHelper.swift in Sources */ = {isa = PBXBuildFile; fileRef = 901A8178226F992600E1FA96 /* JSONHelper.swift */; };
		901A817B226F993900E1FA96 /* PostService.swift in Sources */ = {isa = PBXBuildFile; fileRef = 901A817A226F993900E1FA96 /* PostService.swift */; };
		901A817D226F996300E1FA96 /* Localizable.strings in Resources */ = {isa = PBXBuildFile; fileRef = 901A817C226F996300E1FA96 /* Localizable.strings */; };
		901A817F226F999E00E1FA96 /* String+Extension.swift in Sources */ = {isa = PBXBuildFile; fileRef = 901A817E226F999E00E1FA96 /* String+Extension.swift */; };
		901A8182226F9A0200E1FA96 /* PostTable.swift in Sources */ = {isa = PBXBuildFile; fileRef = 901A8181226F9A0200E1FA96 /* PostTable.swift */; };
/* End PBXBuildFile section */

/* Begin PBXFileReference section */
		901A8149226F96C300E1FA96 /* PostViewer.app */ = {isa = PBXFileReference; explicitFileType = wrapper.application; includeInIndex = 0; path = PostViewer.app; sourceTree = BUILT_PRODUCTS_DIR; };
		901A814C226F96C300E1FA96 /* AppDelegate.swift */ = {isa = PBXFileReference; lastKnownFileType = sourcecode.swift; path = AppDelegate.swift; sourceTree = "<group>"; };
		901A8154226F96C300E1FA96 /* PostViewer.xcdatamodel */ = {isa = PBXFileReference; lastKnownFileType = wrapper.xcdatamodel; path = PostViewer.xcdatamodel; sourceTree = "<group>"; };
		901A8156226F96C300E1FA96 /* Assets.xcassets */ = {isa = PBXFileReference; lastKnownFileType = folder.assetcatalog; path = Assets.xcassets; sourceTree = "<group>"; };
		901A8159226F96C300E1FA96 /* Base */ = {isa = PBXFileReference; lastKnownFileType = file.storyboard; name = Base; path = Base.lproj/LaunchScreen.storyboard; sourceTree = "<group>"; };
		901A815B226F96C300E1FA96 /* Info.plist */ = {isa = PBXFileReference; lastKnownFileType = text.plist.xml; path = Info.plist; sourceTree = "<group>"; };
		901A8168226F980C00E1FA96 /* Post.swift */ = {isa = PBXFileReference; lastKnownFileType = sourcecode.swift; path = Post.swift; sourceTree = "<group>"; };
		901A816A226F983600E1FA96 /* PostCell.swift */ = {isa = PBXFileReference; lastKnownFileType = sourcecode.swift; path = PostCell.swift; sourceTree = "<group>"; };
		901A816C226F985000E1FA96 /* PostsViewController.swift */ = {isa = PBXFileReference; lastKnownFileType = sourcecode.swift; path = PostsViewController.swift; sourceTree = "<group>"; };
		901A816E226F987200E1FA96 /* EmptyDataView.swift */ = {isa = PBXFileReference; lastKnownFileType = sourcecode.swift; path = EmptyDataView.swift; sourceTree = "<group>"; };
		901A8170226F988F00E1FA96 /* PostsViewModel.swift */ = {isa = PBXFileReference; lastKnownFileType = sourcecode.swift; path = PostsViewModel.swift; sourceTree = "<group>"; };
		901A8173226F98E600E1FA96 /* Data+Extension.swift */ = {isa = PBXFileReference; lastKnownFileType = sourcecode.swift; path = "Data+Extension.swift"; sourceTree = "<group>"; };
		901A8176226F990A00E1FA96 /* HttpClient.swift */ = {isa = PBXFileReference; lastKnownFileType = sourcecode.swift; path = HttpClient.swift; sourceTree = "<group>"; };
		901A8178226F992600E1FA96 /* JSONHelper.swift */ = {isa = PBXFileReference; lastKnownFileType = sourcecode.swift; path = JSONHelper.swift; sourceTree = "<group>"; };
		901A817A226F993900E1FA96 /* PostService.swift */ = {isa = PBXFileReference; lastKnownFileType = sourcecode.swift; path = PostService.swift; sourceTree = "<group>"; };
		901A817C226F996300E1FA96 /* Localizable.strings */ = {isa = PBXFileReference; lastKnownFileType = text.plist.strings; path = Localizable.strings; sourceTree = "<group>"; };
		901A817E226F999E00E1FA96 /* String+Extension.swift */ = {isa = PBXFileReference; lastKnownFileType = sourcecode.swift; path = "String+Extension.swift"; sourceTree = "<group>"; };
		901A8181226F9A0200E1FA96 /* PostTable.swift */ = {isa = PBXFileReference; lastKnownFileType = sourcecode.swift; path = PostTable.swift; sourceTree = "<group>"; };
/* End PBXFileReference section */

/* Begin PBXFrameworksBuildPhase section */
		901A8146226F96C300E1FA96 /* Frameworks */ = {
			isa = PBXFrameworksBuildPhase;
			buildActionMask = 2147483647;
			files = (
			);
			runOnlyForDeploymentPostprocessing = 0;
		};
/* End PBXFrameworksBuildPhase section */

/* Begin PBXGroup section */
		901A8140226F96C300E1FA96 = {
			isa = PBXGroup;
			children = (
				901A814B226F96C300E1FA96 /* PostViewer */,
				901A814A226F96C300E1FA96 /* Products */,
			);
			sourceTree = "<group>";
		};
		901A814A226F96C300E1FA96 /* Products */ = {
			isa = PBXGroup;
			children = (
				901A8149226F96C300E1FA96 /* PostViewer.app */,
			);
			name = Products;
			sourceTree = "<group>";
		};
		901A814B226F96C300E1FA96 /* PostViewer */ = {
			isa = PBXGroup;
			children = (
				901A8180226F99F200E1FA96 /* DataBase */,
				901A8175226F98F400E1FA96 /* Network */,
				901A8172226F98DF00E1FA96 /* Extensions */,
				901A8161226F97CA00E1FA96 /* Posts */,
				901A814C226F96C300E1FA96 /* AppDelegate.swift */,
				901A8156226F96C300E1FA96 /* Assets.xcassets */,
				901A8158226F96C300E1FA96 /* LaunchScreen.storyboard */,
				901A815B226F96C300E1FA96 /* Info.plist */,
				901A8153226F96C300E1FA96 /* PostViewer.xcdatamodeld */,
				901A817C226F996300E1FA96 /* Localizable.strings */,
			);
			path = PostViewer;
			sourceTree = "<group>";
		};
		901A8161226F97CA00E1FA96 /* Posts */ = {
			isa = PBXGroup;
			children = (
				901A8164226F97E100E1FA96 /* Model */,
				901A8163226F97DA00E1FA96 /* View */,
				901A8162226F97CF00E1FA96 /* ViewModel */,
			);
			path = Posts;
			sourceTree = "<group>";
		};
		901A8162226F97CF00E1FA96 /* ViewModel */ = {
			isa = PBXGroup;
			children = (
				901A8170226F988F00E1FA96 /* PostsViewModel.swift */,
			);
			path = ViewModel;
			sourceTree = "<group>";
		};
		901A8163226F97DA00E1FA96 /* View */ = {
			isa = PBXGroup;
			children = (
				901A8166226F97F500E1FA96 /* Cell */,
				901A8165226F97EE00E1FA96 /* Controller */,
				901A816E226F987200E1FA96 /* EmptyDataView.swift */,
			);
			path = View;
			sourceTree = "<group>";
		};
		901A8164226F97E100E1FA96 /* Model */ = {
			isa = PBXGroup;
			children = (
				901A8168226F980C00E1FA96 /* Post.swift */,
			);
			path = Model;
			sourceTree = "<group>";
		};
		901A8165226F97EE00E1FA96 /* Controller */ = {
			isa = PBXGroup;
			children = (
				901A816C226F985000E1FA96 /* PostsViewController.swift */,
			);
			path = Controller;
			sourceTree = "<group>";
		};
		901A8166226F97F500E1FA96 /* Cell */ = {
			isa = PBXGroup;
			children = (
				901A816A226F983600E1FA96 /* PostCell.swift */,
			);
			path = Cell;
			sourceTree = "<group>";
		};
		901A8172226F98DF00E1FA96 /* Extensions */ = {
			isa = PBXGroup;
			children = (
				901A8173226F98E600E1FA96 /* Data+Extension.swift */,
				901A817E226F999E00E1FA96 /* String+Extension.swift */,
			);
			path = Extensions;
			sourceTree = "<group>";
		};
		901A8175226F98F400E1FA96 /* Network */ = {
			isa = PBXGroup;
			children = (
				901A8176226F990A00E1FA96 /* HttpClient.swift */,
				901A8178226F992600E1FA96 /* JSONHelper.swift */,
				901A817A226F993900E1FA96 /* PostService.swift */,
			);
			path = Network;
			sourceTree = "<group>";
		};
		901A8180226F99F200E1FA96 /* DataBase */ = {
			isa = PBXGroup;
			children = (
				901A8181226F9A0200E1FA96 /* PostTable.swift */,
			);
			path = DataBase;
			sourceTree = "<group>";
		};
/* End PBXGroup section */

/* Begin PBXNativeTarget section */
		901A8148226F96C300E1FA96 /* PostViewer */ = {
			isa = PBXNativeTarget;
			buildConfigurationList = 901A815E226F96C300E1FA96 /* Build configuration list for PBXNativeTarget "PostViewer" */;
			buildPhases = (
				901A8145226F96C300E1FA96 /* Sources */,
				901A8146226F96C300E1FA96 /* Frameworks */,
				901A8147226F96C300E1FA96 /* Resources */,
			);
			buildRules = (
			);
			dependencies = (
			);
			name = PostViewer;
			productName = PostViewer;
			productReference = 901A8149226F96C300E1FA96 /* PostViewer.app */;
			productType = "com.apple.product-type.application";
		};
/* End PBXNativeTarget section */

/* Begin PBXProject section */
		901A8141226F96C300E1FA96 /* Project object */ = {
			isa = PBXProject;
			attributes = {
				LastSwiftUpdateCheck = 1020;
				LastUpgradeCheck = 1020;
				ORGANIZATIONNAME = "Jakub Kurgan";
				TargetAttributes = {
					901A8148226F96C300E1FA96 = {
						CreatedOnToolsVersion = 10.2;
					};
				};
			};
			buildConfigurationList = 901A8144226F96C300E1FA96 /* Build configuration list for PBXProject "PostViewer" */;
			compatibilityVersion = "Xcode 9.3";
			developmentRegion = en;
			hasScannedForEncodings = 0;
			knownRegions = (
				en,
				Base,
			);
			mainGroup = 901A8140226F96C300E1FA96;
			productRefGroup = 901A814A226F96C300E1FA96 /* Products */;
			projectDirPath = "";
			projectRoot = "";
			targets = (
				901A8148226F96C300E1FA96 /* PostViewer */,
			);
		};
/* End PBXProject section */

/* Begin PBXResourcesBuildPhase section */
		901A8147226F96C300E1FA96 /* Resources */ = {
			isa = PBXResourcesBuildPhase;
			buildActionMask = 2147483647;
			files = (
				901A815A226F96C300E1FA96 /* LaunchScreen.storyboard in Resources */,
				901A817D226F996300E1FA96 /* Localizable.strings in Resources */,
				901A8157226F96C300E1FA96 /* Assets.xcassets in Resources */,
			);
			runOnlyForDeploymentPostprocessing = 0;
		};
/* End PBXResourcesBuildPhase section */

/* Begin PBXSourcesBuildPhase section */
		901A8145226F96C300E1FA96 /* Sources */ = {
			isa = PBXSourcesBuildPhase;
			buildActionMask = 2147483647;
			files = (
				901A8169226F980C00E1FA96 /* Post.swift in Sources */,
				901A8174226F98E600E1FA96 /* Data+Extension.swift in Sources */,
				901A814D226F96C300E1FA96 /* AppDelegate.swift in Sources */,
				901A816F226F987200E1FA96 /* EmptyDataView.swift in Sources */,
				901A817F226F999E00E1FA96 /* String+Extension.swift in Sources */,
				901A8177226F990A00E1FA96 /* HttpClient.swift in Sources */,
				901A8182226F9A0200E1FA96 /* PostTable.swift in Sources */,
				901A817B226F993900E1FA96 /* PostService.swift in Sources */,
				901A8155226F96C300E1FA96 /* PostViewer.xcdatamodeld in Sources */,
				901A816B226F983600E1FA96 /* PostCell.swift in Sources */,
				901A816D226F985000E1FA96 /* PostsViewController.swift in Sources */,
				901A8171226F988F00E1FA96 /* PostsViewModel.swift in Sources */,
				901A8179226F992600E1FA96 /* JSONHelper.swift in Sources */,
			);
			runOnlyForDeploymentPostprocessing = 0;
		};
/* End PBXSourcesBuildPhase section */

/* Begin PBXVariantGroup section */
		901A8158226F96C300E1FA96 /* LaunchScreen.storyboard */ = {
			isa = PBXVariantGroup;
			children = (
				901A8159226F96C300E1FA96 /* Base */,
			);
			name = LaunchScreen.storyboard;
			sourceTree = "<group>";
		};
/* End PBXVariantGroup section */

/* Begin XCBuildConfiguration section */
		901A815C226F96C300E1FA96 /* Debug */ = {
			isa = XCBuildConfiguration;
			buildSettings = {
				ALWAYS_SEARCH_USER_PATHS = NO;
				CLANG_ANALYZER_NONNULL = YES;
				CLANG_ANALYZER_NUMBER_OBJECT_CONVERSION = YES_AGGRESSIVE;
				CLANG_CXX_LANGUAGE_STANDARD = "gnu++14";
				CLANG_CXX_LIBRARY = "libc++";
				CLANG_ENABLE_MODULES = YES;
				CLANG_ENABLE_OBJC_ARC = YES;
				CLANG_ENABLE_OBJC_WEAK = YES;
				CLANG_WARN_BLOCK_CAPTURE_AUTORELEASING = YES;
				CLANG_WARN_BOOL_CONVERSION = YES;
				CLANG_WARN_COMMA = YES;
				CLANG_WARN_CONSTANT_CONVERSION = YES;
				CLANG_WARN_DEPRECATED_OBJC_IMPLEMENTATIONS = YES;
				CLANG_WARN_DIRECT_OBJC_ISA_USAGE = YES_ERROR;
				CLANG_WARN_DOCUMENTATION_COMMENTS = YES;
				CLANG_WARN_EMPTY_BODY = YES;
				CLANG_WARN_ENUM_CONVERSION = YES;
				CLANG_WARN_INFINITE_RECURSION = YES;
				CLANG_WARN_INT_CONVERSION = YES;
				CLANG_WARN_NON_LITERAL_NULL_CONVERSION = YES;
				CLANG_WARN_OBJC_IMPLICIT_RETAIN_SELF = YES;
				CLANG_WARN_OBJC_LITERAL_CONVERSION = YES;
				CLANG_WARN_OBJC_ROOT_CLASS = YES_ERROR;
				CLANG_WARN_RANGE_LOOP_ANALYSIS = YES;
				CLANG_WARN_STRICT_PROTOTYPES = YES;
				CLANG_WARN_SUSPICIOUS_MOVE = YES;
				CLANG_WARN_UNGUARDED_AVAILABILITY = YES_AGGRESSIVE;
				CLANG_WARN_UNREACHABLE_CODE = YES;
				CLANG_WARN__DUPLICATE_METHOD_MATCH = YES;
				CODE_SIGN_IDENTITY = "iPhone Developer";
				COPY_PHASE_STRIP = NO;
				DEBUG_INFORMATION_FORMAT = dwarf;
				ENABLE_STRICT_OBJC_MSGSEND = YES;
				ENABLE_TESTABILITY = YES;
				GCC_C_LANGUAGE_STANDARD = gnu11;
				GCC_DYNAMIC_NO_PIC = NO;
				GCC_NO_COMMON_BLOCKS = YES;
				GCC_OPTIMIZATION_LEVEL = 0;
				GCC_PREPROCESSOR_DEFINITIONS = (
					"DEBUG=1",
					"$(inherited)",
				);
				GCC_WARN_64_TO_32_BIT_CONVERSION = YES;
				GCC_WARN_ABOUT_RETURN_TYPE = YES_ERROR;
				GCC_WARN_UNDECLARED_SELECTOR = YES;
				GCC_WARN_UNINITIALIZED_AUTOS = YES_AGGRESSIVE;
				GCC_WARN_UNUSED_FUNCTION = YES;
				GCC_WARN_UNUSED_VARIABLE = YES;
				IPHONEOS_DEPLOYMENT_TARGET = 12.2;
				MTL_ENABLE_DEBUG_INFO = INCLUDE_SOURCE;
				MTL_FAST_MATH = YES;
				ONLY_ACTIVE_ARCH = YES;
				SDKROOT = iphoneos;
				SWIFT_ACTIVE_COMPILATION_CONDITIONS = DEBUG;
				SWIFT_OPTIMIZATION_LEVEL = "-Onone";
			};
			name = Debug;
		};
		901A815D226F96C300E1FA96 /* Release */ = {
			isa = XCBuildConfiguration;
			buildSettings = {
				ALWAYS_SEARCH_USER_PATHS = NO;
				CLANG_ANALYZER_NONNULL = YES;
				CLANG_ANALYZER_NUMBER_OBJECT_CONVERSION = YES_AGGRESSIVE;
				CLANG_CXX_LANGUAGE_STANDARD = "gnu++14";
				CLANG_CXX_LIBRARY = "libc++";
				CLANG_ENABLE_MODULES = YES;
				CLANG_ENABLE_OBJC_ARC = YES;
				CLANG_ENABLE_OBJC_WEAK = YES;
				CLANG_WARN_BLOCK_CAPTURE_AUTORELEASING = YES;
				CLANG_WARN_BOOL_CONVERSION = YES;
				CLANG_WARN_COMMA = YES;
				CLANG_WARN_CONSTANT_CONVERSION = YES;
				CLANG_WARN_DEPRECATED_OBJC_IMPLEMENTATIONS = YES;
				CLANG_WARN_DIRECT_OBJC_ISA_USAGE = YES_ERROR;
				CLANG_WARN_DOCUMENTATION_COMMENTS = YES;
				CLANG_WARN_EMPTY_BODY = YES;
				CLANG_WARN_ENUM_CONVERSION = YES;
				CLANG_WARN_INFINITE_RECURSION = YES;
				CLANG_WARN_INT_CONVERSION = YES;
				CLANG_WARN_NON_LITERAL_NULL_CONVERSION = YES;
				CLANG_WARN_OBJC_IMPLICIT_RETAIN_SELF = YES;
				CLANG_WARN_OBJC_LITERAL_CONVERSION = YES;
				CLANG_WARN_OBJC_ROOT_CLASS = YES_ERROR;
				CLANG_WARN_RANGE_LOOP_ANALYSIS = YES;
				CLANG_WARN_STRICT_PROTOTYPES = YES;
				CLANG_WARN_SUSPICIOUS_MOVE = YES;
				CLANG_WARN_UNGUARDED_AVAILABILITY = YES_AGGRESSIVE;
				CLANG_WARN_UNREACHABLE_CODE = YES;
				CLANG_WARN__DUPLICATE_METHOD_MATCH = YES;
				CODE_SIGN_IDENTITY = "iPhone Developer";
				COPY_PHASE_STRIP = NO;
				DEBUG_INFORMATION_FORMAT = "dwarf-with-dsym";
				ENABLE_NS_ASSERTIONS = NO;
				ENABLE_STRICT_OBJC_MSGSEND = YES;
				GCC_C_LANGUAGE_STANDARD = gnu11;
				GCC_NO_COMMON_BLOCKS = YES;
				GCC_WARN_64_TO_32_BIT_CONVERSION = YES;
				GCC_WARN_ABOUT_RETURN_TYPE = YES_ERROR;
				GCC_WARN_UNDECLARED_SELECTOR = YES;
				GCC_WARN_UNINITIALIZED_AUTOS = YES_AGGRESSIVE;
				GCC_WARN_UNUSED_FUNCTION = YES;
				GCC_WARN_UNUSED_VARIABLE = YES;
				IPHONEOS_DEPLOYMENT_TARGET = 12.2;
				MTL_ENABLE_DEBUG_INFO = NO;
				MTL_FAST_MATH = YES;
				SDKROOT = iphoneos;
				SWIFT_COMPILATION_MODE = wholemodule;
				SWIFT_OPTIMIZATION_LEVEL = "-O";
				VALIDATE_PRODUCT = YES;
			};
			name = Release;
		};
		901A815F226F96C300E1FA96 /* Debug */ = {
			isa = XCBuildConfiguration;
			buildSettings = {
				ASSETCATALOG_COMPILER_APPICON_NAME = AppIcon;
				CODE_SIGN_STYLE = Automatic;
				INFOPLIST_FILE = PostViewer/Info.plist;
				LD_RUNPATH_SEARCH_PATHS = (
					"$(inherited)",
					"@executable_path/Frameworks",
				);
				PRODUCT_BUNDLE_IDENTIFIER = jakub.kurgan.postViewer.PostViewer;
				PRODUCT_NAME = "$(TARGET_NAME)";
				SWIFT_VERSION = 5.0;
				TARGETED_DEVICE_FAMILY = "1,2";
			};
			name = Debug;
		};
		901A8160226F96C300E1FA96 /* Release */ = {
			isa = XCBuildConfiguration;
			buildSettings = {
				ASSETCATALOG_COMPILER_APPICON_NAME = AppIcon;
				CODE_SIGN_STYLE = Automatic;
				INFOPLIST_FILE = PostViewer/Info.plist;
				LD_RUNPATH_SEARCH_PATHS = (
					"$(inherited)",
					"@executable_path/Frameworks",
				);
				PRODUCT_BUNDLE_IDENTIFIER = jakub.kurgan.postViewer.PostViewer;
				PRODUCT_NAME = "$(TARGET_NAME)";
				SWIFT_VERSION = 5.0;
				TARGETED_DEVICE_FAMILY = "1,2";
			};
			name = Release;
		};
/* End XCBuildConfiguration section */

/* Begin XCConfigurationList section */
		901A8144226F96C300E1FA96 /* Build configuration list for PBXProject "PostViewer" */ = {
			isa = XCConfigurationList;
			buildConfigurations = (
				901A815C226F96C300E1FA96 /* Debug */,
				901A815D226F96C300E1FA96 /* Release */,
			);
			defaultConfigurationIsVisible = 0;
			defaultConfigurationName = Release;
		};
		901A815E226F96C300E1FA96 /* Build configuration list for PBXNativeTarget "PostViewer" */ = {
			isa = XCConfigurationList;
			buildConfigurations = (
				901A815F226F96C300E1FA96 /* Debug */,
				901A8160226F96C300E1FA96 /* Release */,
			);
			defaultConfigurationIsVisible = 0;
			defaultConfigurationName = Release;
		};
/* End XCConfigurationList section */

/* Begin XCVersionGroup section */
		901A8153226F96C300E1FA96 /* PostViewer.xcdatamodeld */ = {
			isa = XCVersionGroup;
			children = (
				901A8154226F96C300E1FA96 /* PostViewer.xcdatamodel */,
			);
			currentVersion = 901A8154226F96C300E1FA96 /* PostViewer.xcdatamodel */;
			path = PostViewer.xcdatamodeld;
			sourceTree = "<group>";
			versionGroupType = wrapper.xcdatamodel;
		};
/* End XCVersionGroup section */
	};
	rootObject = 901A8141226F96C300E1FA96 /* Project object */;
}
